// !$*UTF8*$!
{
	archiveVersion = 1;
	classes = {
	};
	objectVersion = 50;
	objects = {

/* Begin PBXBuildFile section */
		19F4B06020F40C3700C9F830 /* AppDelegate.m in Sources */ = {isa = PBXBuildFile; fileRef = 19F4B05F20F40C3700C9F830 /* AppDelegate.m */; };
		19F4B06620F40C3700C9F830 /* Main.storyboard in Resources */ = {isa = PBXBuildFile; fileRef = 19F4B06420F40C3700C9F830 /* Main.storyboard */; };
		19F4B06820F40C3800C9F830 /* Assets.xcassets in Resources */ = {isa = PBXBuildFile; fileRef = 19F4B06720F40C3800C9F830 /* Assets.xcassets */; };
		19F4B06B20F40C3800C9F830 /* LaunchScreen.storyboard in Resources */ = {isa = PBXBuildFile; fileRef = 19F4B06920F40C3800C9F830 /* LaunchScreen.storyboard */; };
		19F4B06E20F40C3800C9F830 /* main.m in Sources */ = {isa = PBXBuildFile; fileRef = 19F4B06D20F40C3800C9F830 /* main.m */; };
		19F4B07820F40C3800C9F830 /* instagramTests.m in Sources */ = {isa = PBXBuildFile; fileRef = 19F4B07720F40C3800C9F830 /* instagramTests.m */; };
		19F4B08320F40C3800C9F830 /* instagramUITests.m in Sources */ = {isa = PBXBuildFile; fileRef = 19F4B08220F40C3800C9F830 /* instagramUITests.m */; };
		19F4B09320F41AB200C9F830 /* LoginViewController.m in Sources */ = {isa = PBXBuildFile; fileRef = 19F4B09220F41AB200C9F830 /* LoginViewController.m */; };
		19F4B09620F4220800C9F830 /* HomeViewController.m in Sources */ = {isa = PBXBuildFile; fileRef = 19F4B09520F4220800C9F830 /* HomeViewController.m */; };
		19F4B09920F433A700C9F830 /* ComposeViewController.m in Sources */ = {isa = PBXBuildFile; fileRef = 19F4B09820F433A700C9F830 /* ComposeViewController.m */; };
		D0217CDB43B91C84C042B386 /* libPods-instagram.a in Frameworks */ = {isa = PBXBuildFile; fileRef = 6E0E6D64BED5186560E39FBA /* libPods-instagram.a */; };
/* End PBXBuildFile section */

/* Begin PBXContainerItemProxy section */
		19F4B07420F40C3800C9F830 /* PBXContainerItemProxy */ = {
			isa = PBXContainerItemProxy;
			containerPortal = 19F4B05320F40C3700C9F830 /* Project object */;
			proxyType = 1;
			remoteGlobalIDString = 19F4B05A20F40C3700C9F830;
			remoteInfo = instagram;
		};
		19F4B07F20F40C3800C9F830 /* PBXContainerItemProxy */ = {
			isa = PBXContainerItemProxy;
			containerPortal = 19F4B05320F40C3700C9F830 /* Project object */;
			proxyType = 1;
			remoteGlobalIDString = 19F4B05A20F40C3700C9F830;
			remoteInfo = instagram;
		};
/* End PBXContainerItemProxy section */

/* Begin PBXFileReference section */
		19F4B05B20F40C3700C9F830 /* instagram.app */ = {isa = PBXFileReference; explicitFileType = wrapper.application; includeInIndex = 0; path = instagram.app; sourceTree = BUILT_PRODUCTS_DIR; };
		19F4B05E20F40C3700C9F830 /* AppDelegate.h */ = {isa = PBXFileReference; lastKnownFileType = sourcecode.c.h; path = AppDelegate.h; sourceTree = "<group>"; };
		19F4B05F20F40C3700C9F830 /* AppDelegate.m */ = {isa = PBXFileReference; lastKnownFileType = sourcecode.c.objc; path = AppDelegate.m; sourceTree = "<group>"; };
		19F4B06520F40C3700C9F830 /* Base */ = {isa = PBXFileReference; lastKnownFileType = file.storyboard; name = Base; path = Base.lproj/Main.storyboard; sourceTree = "<group>"; };
		19F4B06720F40C3800C9F830 /* Assets.xcassets */ = {isa = PBXFileReference; lastKnownFileType = folder.assetcatalog; path = Assets.xcassets; sourceTree = "<group>"; };
		19F4B06A20F40C3800C9F830 /* Base */ = {isa = PBXFileReference; lastKnownFileType = file.storyboard; name = Base; path = Base.lproj/LaunchScreen.storyboard; sourceTree = "<group>"; };
		19F4B06C20F40C3800C9F830 /* Info.plist */ = {isa = PBXFileReference; lastKnownFileType = text.plist.xml; path = Info.plist; sourceTree = "<group>"; };
		19F4B06D20F40C3800C9F830 /* main.m */ = {isa = PBXFileReference; lastKnownFileType = sourcecode.c.objc; path = main.m; sourceTree = "<group>"; };
		19F4B07320F40C3800C9F830 /* instagramTests.xctest */ = {isa = PBXFileReference; explicitFileType = wrapper.cfbundle; includeInIndex = 0; path = instagramTests.xctest; sourceTree = BUILT_PRODUCTS_DIR; };
		19F4B07720F40C3800C9F830 /* instagramTests.m */ = {isa = PBXFileReference; lastKnownFileType = sourcecode.c.objc; path = instagramTests.m; sourceTree = "<group>"; };
		19F4B07920F40C3800C9F830 /* Info.plist */ = {isa = PBXFileReference; lastKnownFileType = text.plist.xml; path = Info.plist; sourceTree = "<group>"; };
		19F4B07E20F40C3800C9F830 /* instagramUITests.xctest */ = {isa = PBXFileReference; explicitFileType = wrapper.cfbundle; includeInIndex = 0; path = instagramUITests.xctest; sourceTree = BUILT_PRODUCTS_DIR; };
		19F4B08220F40C3800C9F830 /* instagramUITests.m */ = {isa = PBXFileReference; lastKnownFileType = sourcecode.c.objc; path = instagramUITests.m; sourceTree = "<group>"; };
		19F4B08420F40C3800C9F830 /* Info.plist */ = {isa = PBXFileReference; lastKnownFileType = text.plist.xml; path = Info.plist; sourceTree = "<group>"; };
		19F4B09120F41AB200C9F830 /* LoginViewController.h */ = {isa = PBXFileReference; lastKnownFileType = sourcecode.c.h; path = LoginViewController.h; sourceTree = "<group>"; };
		19F4B09220F41AB200C9F830 /* LoginViewController.m */ = {isa = PBXFileReference; lastKnownFileType = sourcecode.c.objc; path = LoginViewController.m; sourceTree = "<group>"; };
		19F4B09420F4220800C9F830 /* HomeViewController.h */ = {isa = PBXFileReference; lastKnownFileType = sourcecode.c.h; path = HomeViewController.h; sourceTree = "<group>"; };
		19F4B09520F4220800C9F830 /* HomeViewController.m */ = {isa = PBXFileReference; lastKnownFileType = sourcecode.c.objc; path = HomeViewController.m; sourceTree = "<group>"; };
		19F4B09720F433A700C9F830 /* ComposeViewController.h */ = {isa = PBXFileReference; lastKnownFileType = sourcecode.c.h; path = ComposeViewController.h; sourceTree = "<group>"; };
		19F4B09820F433A700C9F830 /* ComposeViewController.m */ = {isa = PBXFileReference; lastKnownFileType = sourcecode.c.objc; path = ComposeViewController.m; sourceTree = "<group>"; };
		6E0E6D64BED5186560E39FBA /* libPods-instagram.a */ = {isa = PBXFileReference; explicitFileType = archive.ar; includeInIndex = 0; path = "libPods-instagram.a"; sourceTree = BUILT_PRODUCTS_DIR; };
		88F5FE45D483869EC3ED807E /* Pods-instagram.debug.xcconfig */ = {isa = PBXFileReference; includeInIndex = 1; lastKnownFileType = text.xcconfig; name = "Pods-instagram.debug.xcconfig"; path = "Pods/Target Support Files/Pods-instagram/Pods-instagram.debug.xcconfig"; sourceTree = "<group>"; };
		DCDDAF24B15DB59633A051C4 /* Pods-instagram.release.xcconfig */ = {isa = PBXFileReference; includeInIndex = 1; lastKnownFileType = text.xcconfig; name = "Pods-instagram.release.xcconfig"; path = "Pods/Target Support Files/Pods-instagram/Pods-instagram.release.xcconfig"; sourceTree = "<group>"; };
/* End PBXFileReference section */

/* Begin PBXFrameworksBuildPhase section */
		19F4B05820F40C3700C9F830 /* Frameworks */ = {
			isa = PBXFrameworksBuildPhase;
			buildActionMask = 2147483647;
			files = (
				D0217CDB43B91C84C042B386 /* libPods-instagram.a in Frameworks */,
			);
			runOnlyForDeploymentPostprocessing = 0;
		};
		19F4B07020F40C3800C9F830 /* Frameworks */ = {
			isa = PBXFrameworksBuildPhase;
			buildActionMask = 2147483647;
			files = (
			);
			runOnlyForDeploymentPostprocessing = 0;
		};
		19F4B07B20F40C3800C9F830 /* Frameworks */ = {
			isa = PBXFrameworksBuildPhase;
			buildActionMask = 2147483647;
			files = (
			);
			runOnlyForDeploymentPostprocessing = 0;
		};
/* End PBXFrameworksBuildPhase section */

/* Begin PBXGroup section */
		19F4B05220F40C3700C9F830 = {
			isa = PBXGroup;
			children = (
				19F4B05D20F40C3700C9F830 /* instagram */,
				19F4B07620F40C3800C9F830 /* instagramTests */,
				19F4B08120F40C3800C9F830 /* instagramUITests */,
				19F4B05C20F40C3700C9F830 /* Products */,
				87376556C81EB4D4B75D9686 /* Pods */,
				3FEDA436AFE8A0C58EBBF940 /* Frameworks */,
			);
			sourceTree = "<group>";
		};
		19F4B05C20F40C3700C9F830 /* Products */ = {
			isa = PBXGroup;
			children = (
				19F4B05B20F40C3700C9F830 /* instagram.app */,
				19F4B07320F40C3800C9F830 /* instagramTests.xctest */,
				19F4B07E20F40C3800C9F830 /* instagramUITests.xctest */,
			);
			name = Products;
			sourceTree = "<group>";
		};
		19F4B05D20F40C3700C9F830 /* instagram */ = {
			isa = PBXGroup;
			children = (
				19F4B09020F41A6700C9F830 /* View Controllers */,
				19F4B05E20F40C3700C9F830 /* AppDelegate.h */,
				19F4B05F20F40C3700C9F830 /* AppDelegate.m */,
				19F4B06420F40C3700C9F830 /* Main.storyboard */,
				19F4B06720F40C3800C9F830 /* Assets.xcassets */,
				19F4B06920F40C3800C9F830 /* LaunchScreen.storyboard */,
				19F4B06C20F40C3800C9F830 /* Info.plist */,
				19F4B06D20F40C3800C9F830 /* main.m */,
			);
			path = instagram;
			sourceTree = "<group>";
		};
		19F4B07620F40C3800C9F830 /* instagramTests */ = {
			isa = PBXGroup;
			children = (
				19F4B07720F40C3800C9F830 /* instagramTests.m */,
				19F4B07920F40C3800C9F830 /* Info.plist */,
			);
			path = instagramTests;
			sourceTree = "<group>";
		};
		19F4B08120F40C3800C9F830 /* instagramUITests */ = {
			isa = PBXGroup;
			children = (
				19F4B08220F40C3800C9F830 /* instagramUITests.m */,
				19F4B08420F40C3800C9F830 /* Info.plist */,
			);
			path = instagramUITests;
			sourceTree = "<group>";
		};
		19F4B09020F41A6700C9F830 /* View Controllers */ = {
			isa = PBXGroup;
			children = (
				19F4B09120F41AB200C9F830 /* LoginViewController.h */,
				19F4B09220F41AB200C9F830 /* LoginViewController.m */,
				19F4B09420F4220800C9F830 /* HomeViewController.h */,
				19F4B09520F4220800C9F830 /* HomeViewController.m */,
				19F4B09720F433A700C9F830 /* ComposeViewController.h */,
				19F4B09820F433A700C9F830 /* ComposeViewController.m */,
			);
			path = "View Controllers";
			sourceTree = "<group>";
		};
		3FEDA436AFE8A0C58EBBF940 /* Frameworks */ = {
			isa = PBXGroup;
			children = (
				6E0E6D64BED5186560E39FBA /* libPods-instagram.a */,
			);
			name = Frameworks;
			sourceTree = "<group>";
		};
		87376556C81EB4D4B75D9686 /* Pods */ = {
			isa = PBXGroup;
			children = (
				88F5FE45D483869EC3ED807E /* Pods-instagram.debug.xcconfig */,
				DCDDAF24B15DB59633A051C4 /* Pods-instagram.release.xcconfig */,
			);
			name = Pods;
			sourceTree = "<group>";
		};
/* End PBXGroup section */

/* Begin PBXNativeTarget section */
		19F4B05A20F40C3700C9F830 /* instagram */ = {
			isa = PBXNativeTarget;
			buildConfigurationList = 19F4B08720F40C3800C9F830 /* Build configuration list for PBXNativeTarget "instagram" */;
			buildPhases = (
				3ECE689F4877789ABF16C878 /* [CP] Check Pods Manifest.lock */,
				19F4B05720F40C3700C9F830 /* Sources */,
				19F4B05820F40C3700C9F830 /* Frameworks */,
				19F4B05920F40C3700C9F830 /* Resources */,
				F302D6F44289660E33A29522 /* [CP] Copy Pods Resources */,
			);
			buildRules = (
			);
			dependencies = (
			);
			name = instagram;
			productName = instagram;
			productReference = 19F4B05B20F40C3700C9F830 /* instagram.app */;
			productType = "com.apple.product-type.application";
		};
		19F4B07220F40C3800C9F830 /* instagramTests */ = {
			isa = PBXNativeTarget;
			buildConfigurationList = 19F4B08A20F40C3800C9F830 /* Build configuration list for PBXNativeTarget "instagramTests" */;
			buildPhases = (
				19F4B06F20F40C3800C9F830 /* Sources */,
				19F4B07020F40C3800C9F830 /* Frameworks */,
				19F4B07120F40C3800C9F830 /* Resources */,
			);
			buildRules = (
			);
			dependencies = (
				19F4B07520F40C3800C9F830 /* PBXTargetDependency */,
			);
			name = instagramTests;
			productName = instagramTests;
			productReference = 19F4B07320F40C3800C9F830 /* instagramTests.xctest */;
			productType = "com.apple.product-type.bundle.unit-test";
		};
		19F4B07D20F40C3800C9F830 /* instagramUITests */ = {
			isa = PBXNativeTarget;
			buildConfigurationList = 19F4B08D20F40C3800C9F830 /* Build configuration list for PBXNativeTarget "instagramUITests" */;
			buildPhases = (
				19F4B07A20F40C3800C9F830 /* Sources */,
				19F4B07B20F40C3800C9F830 /* Frameworks */,
				19F4B07C20F40C3800C9F830 /* Resources */,
			);
			buildRules = (
			);
			dependencies = (
				19F4B08020F40C3800C9F830 /* PBXTargetDependency */,
			);
			name = instagramUITests;
			productName = instagramUITests;
			productReference = 19F4B07E20F40C3800C9F830 /* instagramUITests.xctest */;
			productType = "com.apple.product-type.bundle.ui-testing";
		};
/* End PBXNativeTarget section */

/* Begin PBXProject section */
		19F4B05320F40C3700C9F830 /* Project object */ = {
			isa = PBXProject;
			attributes = {
				LastUpgradeCheck = 0940;
				ORGANIZATIONNAME = "Joel Gutierrez";
				TargetAttributes = {
					19F4B05A20F40C3700C9F830 = {
						CreatedOnToolsVersion = 9.4.1;
					};
					19F4B07220F40C3800C9F830 = {
						CreatedOnToolsVersion = 9.4.1;
						TestTargetID = 19F4B05A20F40C3700C9F830;
					};
					19F4B07D20F40C3800C9F830 = {
						CreatedOnToolsVersion = 9.4.1;
						TestTargetID = 19F4B05A20F40C3700C9F830;
					};
				};
			};
			buildConfigurationList = 19F4B05620F40C3700C9F830 /* Build configuration list for PBXProject "instagram" */;
			compatibilityVersion = "Xcode 9.3";
			developmentRegion = en;
			hasScannedForEncodings = 0;
			knownRegions = (
				en,
				Base,
			);
			mainGroup = 19F4B05220F40C3700C9F830;
			productRefGroup = 19F4B05C20F40C3700C9F830 /* Products */;
			projectDirPath = "";
			projectRoot = "";
			targets = (
				19F4B05A20F40C3700C9F830 /* instagram */,
				19F4B07220F40C3800C9F830 /* instagramTests */,
				19F4B07D20F40C3800C9F830 /* instagramUITests */,
			);
		};
/* End PBXProject section */

/* Begin PBXResourcesBuildPhase section */
		19F4B05920F40C3700C9F830 /* Resources */ = {
			isa = PBXResourcesBuildPhase;
			buildActionMask = 2147483647;
			files = (
				19F4B06B20F40C3800C9F830 /* LaunchScreen.storyboard in Resources */,
				19F4B06820F40C3800C9F830 /* Assets.xcassets in Resources */,
				19F4B06620F40C3700C9F830 /* Main.storyboard in Resources */,
			);
			runOnlyForDeploymentPostprocessing = 0;
		};
		19F4B07120F40C3800C9F830 /* Resources */ = {
			isa = PBXResourcesBuildPhase;
			buildActionMask = 2147483647;
			files = (
			);
			runOnlyForDeploymentPostprocessing = 0;
		};
		19F4B07C20F40C3800C9F830 /* Resources */ = {
			isa = PBXResourcesBuildPhase;
			buildActionMask = 2147483647;
			files = (
			);
			runOnlyForDeploymentPostprocessing = 0;
		};
/* End PBXResourcesBuildPhase section */

/* Begin PBXShellScriptBuildPhase section */
		3ECE689F4877789ABF16C878 /* [CP] Check Pods Manifest.lock */ = {
			isa = PBXShellScriptBuildPhase;
			buildActionMask = 2147483647;
			files = (
			);
			inputPaths = (
				"${PODS_PODFILE_DIR_PATH}/Podfile.lock",
				"${PODS_ROOT}/Manifest.lock",
			);
			name = "[CP] Check Pods Manifest.lock";
			outputPaths = (
				"$(DERIVED_FILE_DIR)/Pods-instagram-checkManifestLockResult.txt",
			);
			runOnlyForDeploymentPostprocessing = 0;
			shellPath = /bin/sh;
			shellScript = "diff \"${PODS_PODFILE_DIR_PATH}/Podfile.lock\" \"${PODS_ROOT}/Manifest.lock\" > /dev/null\nif [ $? != 0 ] ; then\n    # print error to STDERR\n    echo \"error: The sandbox is not in sync with the Podfile.lock. Run 'pod install' or update your CocoaPods installation.\" >&2\n    exit 1\nfi\n# This output is used by Xcode 'outputs' to avoid re-running this script phase.\necho \"SUCCESS\" > \"${SCRIPT_OUTPUT_FILE_0}\"\n";
			showEnvVarsInLog = 0;
		};
		F302D6F44289660E33A29522 /* [CP] Copy Pods Resources */ = {
			isa = PBXShellScriptBuildPhase;
			buildActionMask = 2147483647;
			files = (
			);
			inputPaths = (
				"${SRCROOT}/Pods/Target Support Files/Pods-instagram/Pods-instagram-resources.sh",
				"${PODS_CONFIGURATION_BUILD_DIR}/Parse/Parse.bundle",
			);
			name = "[CP] Copy Pods Resources";
			outputPaths = (
				"${TARGET_BUILD_DIR}/${UNLOCALIZED_RESOURCES_FOLDER_PATH}/Parse.bundle",
			);
			runOnlyForDeploymentPostprocessing = 0;
			shellPath = /bin/sh;
			shellScript = "\"${SRCROOT}/Pods/Target Support Files/Pods-instagram/Pods-instagram-resources.sh\"\n";
			showEnvVarsInLog = 0;
		};
/* End PBXShellScriptBuildPhase section */

/* Begin PBXSourcesBuildPhase section */
		19F4B05720F40C3700C9F830 /* Sources */ = {
			isa = PBXSourcesBuildPhase;
			buildActionMask = 2147483647;
			files = (
				19F4B06E20F40C3800C9F830 /* main.m in Sources */,
				19F4B06020F40C3700C9F830 /* AppDelegate.m in Sources */,
				19F4B09320F41AB200C9F830 /* LoginViewController.m in Sources */,
				19F4B09920F433A700C9F830 /* ComposeViewController.m in Sources */,
				19F4B09620F4220800C9F830 /* HomeViewController.m in Sources */,
			);
			runOnlyForDeploymentPostprocessing = 0;
		};
		19F4B06F20F40C3800C9F830 /* Sources */ = {
			isa = PBXSourcesBuildPhase;
			buildActionMask = 2147483647;
			files = (
				19F4B07820F40C3800C9F830 /* instagramTests.m in Sources */,
			);
			runOnlyForDeploymentPostprocessing = 0;
		};
		19F4B07A20F40C3800C9F830 /* Sources */ = {
			isa = PBXSourcesBuildPhase;
			buildActionMask = 2147483647;
			files = (
				19F4B08320F40C3800C9F830 /* instagramUITests.m in Sources */,
			);
			runOnlyForDeploymentPostprocessing = 0;
		};
/* End PBXSourcesBuildPhase section */

/* Begin PBXTargetDependency section */
		19F4B07520F40C3800C9F830 /* PBXTargetDependency */ = {
			isa = PBXTargetDependency;
			target = 19F4B05A20F40C3700C9F830 /* instagram */;
			targetProxy = 19F4B07420F40C3800C9F830 /* PBXContainerItemProxy */;
		};
		19F4B08020F40C3800C9F830 /* PBXTargetDependency */ = {
			isa = PBXTargetDependency;
			target = 19F4B05A20F40C3700C9F830 /* instagram */;
			targetProxy = 19F4B07F20F40C3800C9F830 /* PBXContainerItemProxy */;
		};
/* End PBXTargetDependency section */

/* Begin PBXVariantGroup section */
		19F4B06420F40C3700C9F830 /* Main.storyboard */ = {
			isa = PBXVariantGroup;
			children = (
				19F4B06520F40C3700C9F830 /* Base */,
			);
			name = Main.storyboard;
			sourceTree = "<group>";
		};
		19F4B06920F40C3800C9F830 /* LaunchScreen.storyboard */ = {
			isa = PBXVariantGroup;
			children = (
				19F4B06A20F40C3800C9F830 /* Base */,
			);
			name = LaunchScreen.storyboard;
			sourceTree = "<group>";
		};
/* End PBXVariantGroup section */

/* Begin XCBuildConfiguration section */
		19F4B08520F40C3800C9F830 /* Debug */ = {
			isa = XCBuildConfiguration;
			buildSettings = {
				ALWAYS_SEARCH_USER_PATHS = NO;
				CLANG_ANALYZER_NONNULL = YES;
				CLANG_ANALYZER_NUMBER_OBJECT_CONVERSION = YES_AGGRESSIVE;
				CLANG_CXX_LANGUAGE_STANDARD = "gnu++14";
				CLANG_CXX_LIBRARY = "libc++";
				CLANG_ENABLE_MODULES = YES;
				CLANG_ENABLE_OBJC_ARC = YES;
				CLANG_ENABLE_OBJC_WEAK = YES;
				CLANG_WARN_BLOCK_CAPTURE_AUTORELEASING = YES;
				CLANG_WARN_BOOL_CONVERSION = YES;
				CLANG_WARN_COMMA = YES;
				CLANG_WARN_CONSTANT_CONVERSION = YES;
				CLANG_WARN_DEPRECATED_OBJC_IMPLEMENTATIONS = YES;
				CLANG_WARN_DIRECT_OBJC_ISA_USAGE = YES_ERROR;
				CLANG_WARN_DOCUMENTATION_COMMENTS = YES;
				CLANG_WARN_EMPTY_BODY = YES;
				CLANG_WARN_ENUM_CONVERSION = YES;
				CLANG_WARN_INFINITE_RECURSION = YES;
				CLANG_WARN_INT_CONVERSION = YES;
				CLANG_WARN_NON_LITERAL_NULL_CONVERSION = YES;
				CLANG_WARN_OBJC_IMPLICIT_RETAIN_SELF = YES;
				CLANG_WARN_OBJC_LITERAL_CONVERSION = YES;
				CLANG_WARN_OBJC_ROOT_CLASS = YES_ERROR;
				CLANG_WARN_RANGE_LOOP_ANALYSIS = YES;
				CLANG_WARN_STRICT_PROTOTYPES = YES;
				CLANG_WARN_SUSPICIOUS_MOVE = YES;
				CLANG_WARN_UNGUARDED_AVAILABILITY = YES_AGGRESSIVE;
				CLANG_WARN_UNREACHABLE_CODE = YES;
				CLANG_WARN__DUPLICATE_METHOD_MATCH = YES;
				CODE_SIGN_IDENTITY = "iPhone Developer";
				COPY_PHASE_STRIP = NO;
				DEBUG_INFORMATION_FORMAT = dwarf;
				ENABLE_STRICT_OBJC_MSGSEND = YES;
				ENABLE_TESTABILITY = YES;
				GCC_C_LANGUAGE_STANDARD = gnu11;
				GCC_DYNAMIC_NO_PIC = NO;
				GCC_NO_COMMON_BLOCKS = YES;
				GCC_OPTIMIZATION_LEVEL = 0;
				GCC_PREPROCESSOR_DEFINITIONS = (
					"DEBUG=1",
					"$(inherited)",
				);
				GCC_WARN_64_TO_32_BIT_CONVERSION = YES;
				GCC_WARN_ABOUT_RETURN_TYPE = YES_ERROR;
				GCC_WARN_UNDECLARED_SELECTOR = YES;
				GCC_WARN_UNINITIALIZED_AUTOS = YES_AGGRESSIVE;
				GCC_WARN_UNUSED_FUNCTION = YES;
				GCC_WARN_UNUSED_VARIABLE = YES;
				IPHONEOS_DEPLOYMENT_TARGET = 11.4;
				MTL_ENABLE_DEBUG_INFO = YES;
				ONLY_ACTIVE_ARCH = YES;
				SDKROOT = iphoneos;
			};
			name = Debug;
		};
		19F4B08620F40C3800C9F830 /* Release */ = {
			isa = XCBuildConfiguration;
			buildSettings = {
				ALWAYS_SEARCH_USER_PATHS = NO;
				CLANG_ANALYZER_NONNULL = YES;
				CLANG_ANALYZER_NUMBER_OBJECT_CONVERSION = YES_AGGRESSIVE;
				CLANG_CXX_LANGUAGE_STANDARD = "gnu++14";
				CLANG_CXX_LIBRARY = "libc++";
				CLANG_ENABLE_MODULES = YES;
				CLANG_ENABLE_OBJC_ARC = YES;
				CLANG_ENABLE_OBJC_WEAK = YES;
				CLANG_WARN_BLOCK_CAPTURE_AUTORELEASING = YES;
				CLANG_WARN_BOOL_CONVERSION = YES;
				CLANG_WARN_COMMA = YES;
				CLANG_WARN_CONSTANT_CONVERSION = YES;
				CLANG_WARN_DEPRECATED_OBJC_IMPLEMENTATIONS = YES;
				CLANG_WARN_DIRECT_OBJC_ISA_USAGE = YES_ERROR;
				CLANG_WARN_DOCUMENTATION_COMMENTS = YES;
				CLANG_WARN_EMPTY_BODY = YES;
				CLANG_WARN_ENUM_CONVERSION = YES;
				CLANG_WARN_INFINITE_RECURSION = YES;
				CLANG_WARN_INT_CONVERSION = YES;
				CLANG_WARN_NON_LITERAL_NULL_CONVERSION = YES;
				CLANG_WARN_OBJC_IMPLICIT_RETAIN_SELF = YES;
				CLANG_WARN_OBJC_LITERAL_CONVERSION = YES;
				CLANG_WARN_OBJC_ROOT_CLASS = YES_ERROR;
				CLANG_WARN_RANGE_LOOP_ANALYSIS = YES;
				CLANG_WARN_STRICT_PROTOTYPES = YES;
				CLANG_WARN_SUSPICIOUS_MOVE = YES;
				CLANG_WARN_UNGUARDED_AVAILABILITY = YES_AGGRESSIVE;
				CLANG_WARN_UNREACHABLE_CODE = YES;
				CLANG_WARN__DUPLICATE_METHOD_MATCH = YES;
				CODE_SIGN_IDENTITY = "iPhone Developer";
				COPY_PHASE_STRIP = NO;
				DEBUG_INFORMATION_FORMAT = "dwarf-with-dsym";
				ENABLE_NS_ASSERTIONS = NO;
				ENABLE_STRICT_OBJC_MSGSEND = YES;
				GCC_C_LANGUAGE_STANDARD = gnu11;
				GCC_NO_COMMON_BLOCKS = YES;
				GCC_WARN_64_TO_32_BIT_CONVERSION = YES;
				GCC_WARN_ABOUT_RETURN_TYPE = YES_ERROR;
				GCC_WARN_UNDECLARED_SELECTOR = YES;
				GCC_WARN_UNINITIALIZED_AUTOS = YES_AGGRESSIVE;
				GCC_WARN_UNUSED_FUNCTION = YES;
				GCC_WARN_UNUSED_VARIABLE = YES;
				IPHONEOS_DEPLOYMENT_TARGET = 11.4;
				MTL_ENABLE_DEBUG_INFO = NO;
				SDKROOT = iphoneos;
				VALIDATE_PRODUCT = YES;
			};
			name = Release;
		};
		19F4B08820F40C3800C9F830 /* Debug */ = {
			isa = XCBuildConfiguration;
			baseConfigurationReference = 88F5FE45D483869EC3ED807E /* Pods-instagram.debug.xcconfig */;
			buildSettings = {
				ASSETCATALOG_COMPILER_APPICON_NAME = AppIcon;
				CODE_SIGN_STYLE = Automatic;
				DEVELOPMENT_TEAM = U8K69DFR3Q;
				INFOPLIST_FILE = instagram/Info.plist;
				IPHONEOS_DEPLOYMENT_TARGET = 11.0;
				LD_RUNPATH_SEARCH_PATHS = (
					"$(inherited)",
					"@executable_path/Frameworks",
				);
				PRODUCT_BUNDLE_IDENTIFIER = joel.instagram;
				PRODUCT_NAME = "$(TARGET_NAME)";
				TARGETED_DEVICE_FAMILY = "1,2";
			};
			name = Debug;
		};
		19F4B08920F40C3800C9F830 /* Release */ = {
			isa = XCBuildConfiguration;
			baseConfigurationReference = DCDDAF24B15DB59633A051C4 /* Pods-instagram.release.xcconfig */;
			buildSettings = {
				ASSETCATALOG_COMPILER_APPICON_NAME = AppIcon;
				CODE_SIGN_STYLE = Automatic;
				DEVELOPMENT_TEAM = U8K69DFR3Q;
				INFOPLIST_FILE = instagram/Info.plist;
				IPHONEOS_DEPLOYMENT_TARGET = 11.0;
				LD_RUNPATH_SEARCH_PATHS = (
					"$(inherited)",
					"@executable_path/Frameworks",
				);
				PRODUCT_BUNDLE_IDENTIFIER = joel.instagram;
				PRODUCT_NAME = "$(TARGET_NAME)";
				TARGETED_DEVICE_FAMILY = "1,2";
			};
			name = Release;
		};
		19F4B08B20F40C3800C9F830 /* Debug */ = {
			isa = XCBuildConfiguration;
			buildSettings = {
				BUNDLE_LOADER = "$(TEST_HOST)";
				CODE_SIGN_STYLE = Automatic;
				INFOPLIST_FILE = instagramTests/Info.plist;
				LD_RUNPATH_SEARCH_PATHS = (
					"$(inherited)",
					"@executable_path/Frameworks",
					"@loader_path/Frameworks",
				);
				PRODUCT_BUNDLE_IDENTIFIER = joel.instagramTests;
				PRODUCT_NAME = "$(TARGET_NAME)";
				TARGETED_DEVICE_FAMILY = "1,2";
				TEST_HOST = "$(BUILT_PRODUCTS_DIR)/instagram.app/instagram";
			};
			name = Debug;
		};
		19F4B08C20F40C3800C9F830 /* Release */ = {
			isa = XCBuildConfiguration;
			buildSettings = {
				BUNDLE_LOADER = "$(TEST_HOST)";
				CODE_SIGN_STYLE = Automatic;
				INFOPLIST_FILE = instagramTests/Info.plist;
				LD_RUNPATH_SEARCH_PATHS = (
					"$(inherited)",
					"@executable_path/Frameworks",
					"@loader_path/Frameworks",
				);
				PRODUCT_BUNDLE_IDENTIFIER = joel.instagramTests;
				PRODUCT_NAME = "$(TARGET_NAME)";
				TARGETED_DEVICE_FAMILY = "1,2";
				TEST_HOST = "$(BUILT_PRODUCTS_DIR)/instagram.app/instagram";
			};
			name = Release;
		};
		19F4B08E20F40C3800C9F830 /* Debug */ = {
			isa = XCBuildConfiguration;
			buildSettings = {
				CODE_SIGN_STYLE = Automatic;
				INFOPLIST_FILE = instagramUITests/Info.plist;
				LD_RUNPATH_SEARCH_PATHS = (
					"$(inherited)",
					"@executable_path/Frameworks",
					"@loader_path/Frameworks",
				);
				PRODUCT_BUNDLE_IDENTIFIER = joel.instagramUITests;
				PRODUCT_NAME = "$(TARGET_NAME)";
				TARGETED_DEVICE_FAMILY = "1,2";
				TEST_TARGET_NAME = instagram;
			};
			name = Debug;
		};
		19F4B08F20F40C3800C9F830 /* Release */ = {
			isa = XCBuildConfiguration;
			buildSettings = {
				CODE_SIGN_STYLE = Automatic;
				INFOPLIST_FILE = instagramUITests/Info.plist;
				LD_RUNPATH_SEARCH_PATHS = (
					"$(inherited)",
					"@executable_path/Frameworks",
					"@loader_path/Frameworks",
				);
				PRODUCT_BUNDLE_IDENTIFIER = joel.instagramUITests;
				PRODUCT_NAME = "$(TARGET_NAME)";
				TARGETED_DEVICE_FAMILY = "1,2";
				TEST_TARGET_NAME = instagram;
			};
			name = Release;
		};
/* End XCBuildConfiguration section */

/* Begin XCConfigurationList section */
		19F4B05620F40C3700C9F830 /* Build configuration list for PBXProject "instagram" */ = {
			isa = XCConfigurationList;
			buildConfigurations = (
				19F4B08520F40C3800C9F830 /* Debug */,
				19F4B08620F40C3800C9F830 /* Release */,
			);
			defaultConfigurationIsVisible = 0;
			defaultConfigurationName = Release;
		};
		19F4B08720F40C3800C9F830 /* Build configuration list for PBXNativeTarget "instagram" */ = {
			isa = XCConfigurationList;
			buildConfigurations = (
				19F4B08820F40C3800C9F830 /* Debug */,
				19F4B08920F40C3800C9F830 /* Release */,
			);
			defaultConfigurationIsVisible = 0;
			defaultConfigurationName = Release;
		};
		19F4B08A20F40C3800C9F830 /* Build configuration list for PBXNativeTarget "instagramTests" */ = {
			isa = XCConfigurationList;
			buildConfigurations = (
				19F4B08B20F40C3800C9F830 /* Debug */,
				19F4B08C20F40C3800C9F830 /* Release */,
			);
			defaultConfigurationIsVisible = 0;
			defaultConfigurationName = Release;
		};
		19F4B08D20F40C3800C9F830 /* Build configuration list for PBXNativeTarget "instagramUITests" */ = {
			isa = XCConfigurationList;
			buildConfigurations = (
				19F4B08E20F40C3800C9F830 /* Debug */,
				19F4B08F20F40C3800C9F830 /* Release */,
			);
			defaultConfigurationIsVisible = 0;
			defaultConfigurationName = Release;
		};
/* End XCConfigurationList section */
	};
	rootObject = 19F4B05320F40C3700C9F830 /* Project object */;
}
